
Microsoft Visual Studio Solution File, Format Version 12.00
# Visual Studio Version 16
VisualStudioVersion = 16.0.31105.61
MinimumVisualStudioVersion = 10.0.40219.1
Project("{8BC9CEB8-8B4A-11D0-8D11-00A0C91BC942}") = "Project-21_3_15", "Project-21_3_15.vcxproj", "{6387D06C-FBFD-4174-9DB6-366FDF845701}"
EndProject
Global
	GlobalSection(SolutionConfigurationPlatforms) = preSolution
		Debug|x64 = Debug|x64
		Debug|x86 = Debug|x86
		Release|x64 = Release|x64
		Release|x86 = Release|x86
	EndGlobalSection
	GlobalSection(ProjectConfigurationPlatforms) = postSolution
		{6387D06C-FBFD-4174-9DB6-366FDF845701}.Debug|x64.ActiveCfg = Debug|x64
		{6387D06C-FBFD-4174-9DB6-366FDF845701}.Debug|x64.Build.0 = Debug|x64
		{6387D06C-FBFD-4174-9DB6-366FDF845701}.Debug|x86.ActiveCfg = Debug|Win32
		{6387D06C-FBFD-4174-9DB6-366FDF845701}.Debug|x86.Build.0 = Debug|Win32
		{6387D06C-FBFD-4174-9DB6-366FDF845701}.Release|x64.ActiveCfg = Release|x64
		{6387D06C-FBFD-4174-9DB6-366FDF845701}.Release|x64.Build.0 = Release|x64
		{6387D06C-FBFD-4174-9DB6-366FDF845701}.Release|x86.ActiveCfg = Release|Win32
		{6387D06C-FBFD-4174-9DB6-366FDF845701}.Release|x86.Build.0 = Release|Win32
	EndGlobalSection
	GlobalSection(SolutionProperties) = preSolution
		HideSolutionNode = FALSE
	EndGlobalSection
	GlobalSection(ExtensibilityGlobals) = postSolution
		SolutionGuid = {52297EEA-55DE-403E-B1E3-925F28062806}
	EndGlobalSection
EndGlobal
